
Microsoft Visual Studio Solution File, Format Version 12.00
# Visual Studio 15
VisualStudioVersion = 15.0.27703.2042
MinimumVisualStudioVersion = 10.0.40219.1
Project("{FAE04EC0-301F-11D3-BF4B-00C04F79EFBC}") = "RazorPagesMovie", "RazorPagesMovie\RazorPagesMovie.csproj", "{FCEA7D76-B166-4E07-B570-6DFDE1F25AE1}"
EndProject
Global
	GlobalSection(SolutionConfigurationPlatforms) = preSolution
		Debug|Any CPU = Debug|Any CPU
		Release|Any CPU = Release|Any CPU
	EndGlobalSection
	GlobalSection(ProjectConfigurationPlatforms) = postSolution
		{FCEA7D76-B166-4E07-B570-6DFDE1F25AE1}.Debug|Any CPU.ActiveCfg = Debug|Any CPU
		{FCEA7D76-B166-4E07-B570-6DFDE1F25AE1}.Debug|Any CPU.Build.0 = Debug|Any CPU
		{FCEA7D76-B166-4E07-B570-6DFDE1F25AE1}.Release|Any CPU.ActiveCfg = Release|Any CPU
		{FCEA7D76-B166-4E07-B570-6DFDE1F25AE1}.Release|Any CPU.Build.0 = Release|Any CPU
	EndGlobalSection
	GlobalSection(SolutionProperties) = preSolution
		HideSolutionNode = FALSE
	EndGlobalSection
	GlobalSection(ExtensibilityGlobals) = postSolution
		SolutionGuid = {5B3A1B1C-3F86-4510-9AE3-23AF0A7E3EC6}
	EndGlobalSection
EndGlobal
